<?xml version="1.0" encoding="utf-8"?>
<Project ToolsVersion="4.0" xmlns="http://schemas.microsoft.com/developer/msbuild/2003">
  <ItemGroup>
    <Filter Include="源文件">
      <UniqueIdentifier>{4FC737F1-C7A5-4376-A066-2A32D752A2FF}</UniqueIdentifier>
      <Extensions>cpp;c;cc;cxx;def;odl;idl;hpj;bat;asm;asmx</Extensions>
    </Filter>
    <Filter Include="头文件">
      <UniqueIdentifier>{93995380-89BD-4b04-88EB-625FBE52EBFB}</UniqueIdentifier>
      <Extensions>h;hh;hpp;hxx;hm;inl;inc;xsd</Extensions>
    </Filter>
    <Filter Include="资源文件">
      <UniqueIdentifier>{67DA6AB6-F800-4c08-8B7A-83BB121AAD01}</UniqueIdentifier>
      <Extensions>rc;ico;cur;bmp;dlg;rc2;rct;bin;rgs;gif;jpg;jpeg;jpe;resx;tiff;tif;png;wav;mfcribbon-ms</Extensions>
    </Filter>
  </ItemGroup>
  <ItemGroup>
    <ClInclude Include="C:\Users\xiahan\Desktop\整合\API.h">
      <Filter>头文件</Filter>
    </ClInclude>
    <ClInclude Include="C:\Users\xiahan\Desktop\整合\attribute.h">
      <Filter>头文件</Filter>
    </ClInclude>
    <ClInclude Include="C:\Users\xiahan\Desktop\整合\BPlusTree.h">
      <Filter>头文件</Filter>
    </ClInclude>
    <ClInclude Include="C:\Users\xiahan\Desktop\整合\BPlusTreeNode.h">
      <Filter>头文件</Filter>
    </ClInclude>
    <ClInclude Include="C:\Users\xiahan\Desktop\整合\BufferManager.h">
      <Filter>头文件</Filter>
    </ClInclude>
    <ClInclude Include="C:\Users\xiahan\Desktop\整合\CatalogManager.h">
      <Filter>头文件</Filter>
    </ClInclude>
    <ClInclude Include="C:\Users\xiahan\Desktop\整合\condition.h">
      <Filter>头文件</Filter>
    </ClInclude>
    <ClInclude Include="C:\Users\xiahan\Desktop\整合\IndexManager.h">
      <Filter>头文件</Filter>
    </ClInclude>
    <ClInclude Include="C:\Users\xiahan\Desktop\整合\interpreter.h">
      <Filter>头文件</Filter>
    </ClInclude>
    <ClInclude Include="C:\Users\xiahan\Desktop\整合\RecordManager.h">
      <Filter>头文件</Filter>
    </ClInclude>
  </ItemGroup>
  <ItemGroup>
    <ClCompile Include="C:\Users\xiahan\Desktop\整合\API.cpp">
      <Filter>源文件</Filter>
    </ClCompile>
    <ClCompile Include="C:\Users\xiahan\Desktop\整合\BufferManager.cpp">
      <Filter>源文件</Filter>
    </ClCompile>
    <ClCompile Include="C:\Users\xiahan\Desktop\整合\Catalog.cpp">
      <Filter>源文件</Filter>
    </ClCompile>
    <ClCompile Include="C:\Users\xiahan\Desktop\整合\condition.cpp">
      <Filter>源文件</Filter>
    </ClCompile>
    <ClCompile Include="C:\Users\xiahan\Desktop\整合\IndexManager.cpp">
      <Filter>源文件</Filter>
    </ClCompile>
    <ClCompile Include="C:\Users\xiahan\Desktop\整合\interpreter.cpp">
      <Filter>源文件</Filter>
    </ClCompile>
    <ClCompile Include="C:\Users\xiahan\Desktop\整合\main.cpp">
      <Filter>源文件</Filter>
    </ClCompile>
    <ClCompile Include="C:\Users\xiahan\Desktop\整合\RecordManager.cpp">
      <Filter>源文件</Filter>
    </ClCompile>
  </ItemGroup>
  <ItemGroup>
    <Text Include="test.txt">
      <Filter>资源文件</Filter>
    </Text>
  </ItemGroup>
</Project>